
Microsoft Visual Studio Solution File, Format Version 12.00
# Visual Studio Version 17
VisualStudioVersion = 17.9.34723.18
MinimumVisualStudioVersion = 10.0.40219.1
Project("{FAE04EC0-301F-11D3-BF4B-00C04F79EFBC}") = "CinemaApp", "CinemaApp\CinemaApp.csproj", "{EEACBAA0-594D-4B0C-8ADB-C06B461222A8}"
EndProject
Global
	GlobalSection(SolutionConfigurationPlatforms) = preSolution
		Debug|Any CPU = Debug|Any CPU
		Release|Any CPU = Release|Any CPU
	EndGlobalSection
	GlobalSection(ProjectConfigurationPlatforms) = postSolution
		{EEACBAA0-594D-4B0C-8ADB-C06B461222A8}.Debug|Any CPU.ActiveCfg = Debug|Any CPU
		{EEACBAA0-594D-4B0C-8ADB-C06B461222A8}.Debug|Any CPU.Build.0 = Debug|Any CPU
		{EEACBAA0-594D-4B0C-8ADB-C06B461222A8}.Release|Any CPU.ActiveCfg = Release|Any CPU
		{EEACBAA0-594D-4B0C-8ADB-C06B461222A8}.Release|Any CPU.Build.0 = Release|Any CPU
	EndGlobalSection
	GlobalSection(SolutionProperties) = preSolution
		HideSolutionNode = FALSE
	EndGlobalSection
	GlobalSection(ExtensibilityGlobals) = postSolution
		SolutionGuid = {7BE7CE47-F782-4869-9ED4-4B17B70C5F31}
	EndGlobalSection
EndGlobal
